
Microsoft Visual Studio Solution File, Format Version 12.00
# Visual Studio Version 17
VisualStudioVersion = 17.4.33213.308
MinimumVisualStudioVersion = 10.0.40219.1
Project("{FAE04EC0-301F-11D3-BF4B-00C04F79EFBC}") = "StrategyPattern", "StrategyPattern\StrategyPattern.csproj", "{C208D50A-161D-4E21-B34E-44781BA33996}"
EndProject
Global
	GlobalSection(SolutionConfigurationPlatforms) = preSolution
		Debug|Any CPU = Debug|Any CPU
		Release|Any CPU = Release|Any CPU
	EndGlobalSection
	GlobalSection(ProjectConfigurationPlatforms) = postSolution
		{C208D50A-161D-4E21-B34E-44781BA33996}.Debug|Any CPU.ActiveCfg = Debug|Any CPU
		{C208D50A-161D-4E21-B34E-44781BA33996}.Debug|Any CPU.Build.0 = Debug|Any CPU
		{C208D50A-161D-4E21-B34E-44781BA33996}.Release|Any CPU.ActiveCfg = Release|Any CPU
		{C208D50A-161D-4E21-B34E-44781BA33996}.Release|Any CPU.Build.0 = Release|Any CPU
	EndGlobalSection
	GlobalSection(SolutionProperties) = preSolution
		HideSolutionNode = FALSE
	EndGlobalSection
	GlobalSection(ExtensibilityGlobals) = postSolution
		SolutionGuid = {207F6144-7CB1-4E3C-96BB-EF64B285F7F1}
	EndGlobalSection
EndGlobal
